
Microsoft Visual Studio Solution File, Format Version 12.00
# Visual Studio 15
VisualStudioVersion = 15.0.26730.12
MinimumVisualStudioVersion = 10.0.40219.1
Project("{FAE04EC0-301F-11D3-BF4B-00C04F79EFBC}") = "K2048", "K2048\K2048.csproj", "{85D71829-BDED-4C84-9B8A-84CB0D5C2350}"
EndProject
Global
	GlobalSection(SolutionConfigurationPlatforms) = preSolution
		Debug|ARM = Debug|ARM
		Debug|x64 = Debug|x64
		Debug|x86 = Debug|x86
		Release|ARM = Release|ARM
		Release|x64 = Release|x64
		Release|x86 = Release|x86
	EndGlobalSection
	GlobalSection(ProjectConfigurationPlatforms) = postSolution
		{85D71829-BDED-4C84-9B8A-84CB0D5C2350}.Debug|ARM.ActiveCfg = Debug|ARM
		{85D71829-BDED-4C84-9B8A-84CB0D5C2350}.Debug|ARM.Build.0 = Debug|ARM
		{85D71829-BDED-4C84-9B8A-84CB0D5C2350}.Debug|ARM.Deploy.0 = Debug|ARM
		{85D71829-BDED-4C84-9B8A-84CB0D5C2350}.Debug|x64.ActiveCfg = Debug|x64
		{85D71829-BDED-4C84-9B8A-84CB0D5C2350}.Debug|x64.Build.0 = Debug|x64
		{85D71829-BDED-4C84-9B8A-84CB0D5C2350}.Debug|x64.Deploy.0 = Debug|x64
		{85D71829-BDED-4C84-9B8A-84CB0D5C2350}.Debug|x86.ActiveCfg = Debug|x86
		{85D71829-BDED-4C84-9B8A-84CB0D5C2350}.Debug|x86.Build.0 = Debug|x86
		{85D71829-BDED-4C84-9B8A-84CB0D5C2350}.Debug|x86.Deploy.0 = Debug|x86
		{85D71829-BDED-4C84-9B8A-84CB0D5C2350}.Release|ARM.ActiveCfg = Release|ARM
		{85D71829-BDED-4C84-9B8A-84CB0D5C2350}.Release|ARM.Build.0 = Release|ARM
		{85D71829-BDED-4C84-9B8A-84CB0D5C2350}.Release|ARM.Deploy.0 = Release|ARM
		{85D71829-BDED-4C84-9B8A-84CB0D5C2350}.Release|x64.ActiveCfg = Release|x64
		{85D71829-BDED-4C84-9B8A-84CB0D5C2350}.Release|x64.Build.0 = Release|x64
		{85D71829-BDED-4C84-9B8A-84CB0D5C2350}.Release|x64.Deploy.0 = Release|x64
		{85D71829-BDED-4C84-9B8A-84CB0D5C2350}.Release|x86.ActiveCfg = Release|x86
		{85D71829-BDED-4C84-9B8A-84CB0D5C2350}.Release|x86.Build.0 = Release|x86
		{85D71829-BDED-4C84-9B8A-84CB0D5C2350}.Release|x86.Deploy.0 = Release|x86
	EndGlobalSection
	GlobalSection(SolutionProperties) = preSolution
		HideSolutionNode = FALSE
	EndGlobalSection
	GlobalSection(ExtensibilityGlobals) = postSolution
		SolutionGuid = {96897AF8-9213-49B8-BC2C-678F3B7CEB54}
	EndGlobalSection
EndGlobal
